{
  "name": "sio.front.client",
  "version": "1.0.0",
  "lockfileVersion": 1,
  "requires": true,
  "dependencies": {
    "bulma": {
      "version": "0.9.3",
      "resolved": "https://registry.npmjs.org/bulma/-/bulma-0.9.3.tgz",
      "integrity": "sha512-0d7GNW1PY4ud8TWxdNcP6Cc8Bu7MxcntD/RRLGWuiw/s0a9P+XlH/6QoOIrmbj6o8WWJzJYhytiu9nFjTszk1g=="
    },
    "bulma-steps-component": {
      "version": "0.5.3",
      "resolved": "https://registry.npmjs.org/bulma-steps-component/-/bulma-steps-component-0.5.3.tgz",
      "integrity": "sha512-r8SldfFvKm7/Dk9K2P4319fQDyDckHYVpbf2V6CjMJVxG2kFhobvTtqsPOfr+kLfURtPmijzMcHszwBw5FRGow=="
    }
  }
}
