# THIS IS AN AUTOGENERATED FILE. DO NOT EDIT THIS FILE DIRECTLY.
# yarn lockfile v1


bulma-steps-component@^0.5.3:
  version "0.5.3"
  resolved "https://registry.yarnpkg.com/bulma-steps-component/-/bulma-steps-component-0.5.3.tgz#9f2f9843b16ed8d1fb724bdd6942540911c3d101"
  integrity sha512-r8SldfFvKm7/Dk9K2P4319fQDyDckHYVpbf2V6CjMJVxG2kFhobvTtqsPOfr+kLfURtPmijzMcHszwBw5FRGow==

bulma@^0.9.3:
  version "0.9.3"
  resolved "https://registry.yarnpkg.com/bulma/-/bulma-0.9.3.tgz#ddccb7436ebe3e21bf47afe01d3c43a296b70243"
  integrity sha512-0d7GNW1PY4ud8TWxdNcP6Cc8Bu7MxcntD/RRLGWuiw/s0a9P+XlH/6QoOIrmbj6o8WWJzJYhytiu9nFjTszk1g==
